
Microsoft Visual Studio Solution File, Format Version 12.00
# Visual Studio 15
VisualStudioVersion = 15.0.28307.1500
MinimumVisualStudioVersion = 10.0.40219.1
Project("{FAE04EC0-301F-11D3-BF4B-00C04F79EFBC}") = "ConsoleApp1", "ConsoleApp1\ConsoleApp1.csproj", "{233CF242-B958-4EFE-AB39-076A78E59308}"
EndProject
Global
	GlobalSection(SolutionConfigurationPlatforms) = preSolution
		Debug|Any CPU = Debug|Any CPU
		Release|Any CPU = Release|Any CPU
	EndGlobalSection
	GlobalSection(ProjectConfigurationPlatforms) = postSolution
		{233CF242-B958-4EFE-AB39-076A78E59308}.Debug|Any CPU.ActiveCfg = Debug|Any CPU
		{233CF242-B958-4EFE-AB39-076A78E59308}.Debug|Any CPU.Build.0 = Debug|Any CPU
		{233CF242-B958-4EFE-AB39-076A78E59308}.Release|Any CPU.ActiveCfg = Release|Any CPU
		{233CF242-B958-4EFE-AB39-076A78E59308}.Release|Any CPU.Build.0 = Release|Any CPU
	EndGlobalSection
	GlobalSection(SolutionProperties) = preSolution
		HideSolutionNode = FALSE
	EndGlobalSection
	GlobalSection(ExtensibilityGlobals) = postSolution
		SolutionGuid = {AC0EC849-F942-49FA-9139-C7422E268027}
	EndGlobalSection
EndGlobal
